
Microsoft Visual Studio Solution File, Format Version 12.00
# Visual Studio Version 16
VisualStudioVersion = 16.0.29306.81
MinimumVisualStudioVersion = 10.0.40219.1
Project("{9A19103F-16F7-4668-BE54-9A1E7A4F7556}") = "Penguin.Cms.Web.Security", "Penguin.Cms.Web.Security.csproj", "{B743AA22-2D19-4ADB-8CC5-41A56F034752}"
EndProject
Global
	GlobalSection(SolutionConfigurationPlatforms) = preSolution
		Debug|Any CPU = Debug|Any CPU
		Release|Any CPU = Release|Any CPU
	EndGlobalSection
	GlobalSection(ProjectConfigurationPlatforms) = postSolution
		{B743AA22-2D19-4ADB-8CC5-41A56F034752}.Debug|Any CPU.ActiveCfg = Debug|Any CPU
		{B743AA22-2D19-4ADB-8CC5-41A56F034752}.Debug|Any CPU.Build.0 = Debug|Any CPU
		{B743AA22-2D19-4ADB-8CC5-41A56F034752}.Release|Any CPU.ActiveCfg = Release|Any CPU
		{B743AA22-2D19-4ADB-8CC5-41A56F034752}.Release|Any CPU.Build.0 = Release|Any CPU
	EndGlobalSection
	GlobalSection(SolutionProperties) = preSolution
		HideSolutionNode = FALSE
	EndGlobalSection
	GlobalSection(ExtensibilityGlobals) = postSolution
		SolutionGuid = {52D46691-3C20-42E2-A539-671AE49EBEF5}
	EndGlobalSection
EndGlobal
