
Microsoft Visual Studio Solution File, Format Version 12.00
# Visual Studio 15
VisualStudioVersion = 15.0.26124.0
MinimumVisualStudioVersion = 15.0.26124.0
Project("{FAE04EC0-301F-11D3-BF4B-00C04F79EFBC}") = "Penguin.Cms.Web.Security.Local", "Penguin.Cms.Web.Security.Local.csproj", "{CA2D68C0-5E68-46C8-94AE-34026D8112B5}"
EndProject
Project("{FAE04EC0-301F-11D3-BF4B-00C04F79EFBC}") = "Penguin.Cms.Entities.Local", "..\Penguin.Cms.Entities\Penguin.Cms.Entities.Local.csproj", "{23A4FFD1-7B34-4F2A-A7B2-083307787EAB}"
EndProject
Project("{FAE04EC0-301F-11D3-BF4B-00C04F79EFBC}") = "Penguin.Persistence.Abstractions.Local", "..\Penguin.Persistence.Abstractions\Penguin.Persistence.Abstractions.Local.csproj", "{A3CAC491-74B4-42D2-96CD-F45550E7C72F}"
EndProject
Project("{FAE04EC0-301F-11D3-BF4B-00C04F79EFBC}") = "Penguin.Entities.Abstractions.Local", "..\Penguin.Entities.Abstractions\Penguin.Entities.Abstractions.Local.csproj", "{2AC9BCCB-06E4-4C63-A8BC-0BC62A4DF17A}"
EndProject
Project("{FAE04EC0-301F-11D3-BF4B-00C04F79EFBC}") = "Penguin.Reflection.Extensions.Local", "..\Penguin.Reflection.Extensions\Penguin.Reflection.Extensions.Local.csproj", "{9D41F3F4-81C6-444A-8E0E-D2716B17B623}"
EndProject
Project("{FAE04EC0-301F-11D3-BF4B-00C04F79EFBC}") = "Penguin.Extensions.String.Local", "..\Penguin.Extensions.String\Penguin.Extensions.String.Local.csproj", "{4CA20F38-3401-4FEC-A9B9-7D10B551BC75}"
EndProject
Project("{FAE04EC0-301F-11D3-BF4B-00C04F79EFBC}") = "Penguin.Reflection.Abstractions.Local", "..\Penguin.Reflection.Abstractions\Penguin.Reflection.Abstractions.Local.csproj", "{EFA8936E-D767-48E1-A298-F30B712E4506}"
EndProject
Project("{FAE04EC0-301F-11D3-BF4B-00C04F79EFBC}") = "Penguin.Cms.Security.Local", "..\Penguin.Cms.Security\Penguin.Cms.Security.Local.csproj", "{A74E9A32-960F-42C0-B263-950860441E76}"
EndProject
Project("{FAE04EC0-301F-11D3-BF4B-00C04F79EFBC}") = "Penguin.Auditing.Abstractions.Local", "..\Penguin.Auditing.Abstractions\Penguin.Auditing.Abstractions.Local.csproj", "{CA077280-857E-405B-AA66-1EC6FA022209}"
EndProject
Project("{FAE04EC0-301F-11D3-BF4B-00C04F79EFBC}") = "Penguin.Cms.Abstractions.Local", "..\Penguin.Cms.Abstractions\Penguin.Cms.Abstractions.Local.csproj", "{514545E8-2F40-434B-84D5-9F6DDF8EA26C}"
EndProject
Project("{FAE04EC0-301F-11D3-BF4B-00C04F79EFBC}") = "Penguin.DependencyInjection.Abstractions.Local", "..\Penguin.DependencyInjection.Abstractions\Penguin.DependencyInjection.Abstractions.Local.csproj", "{CB35444B-BCE7-4D62-9D13-CE10C8D9B8EF}"
EndProject
Project("{FAE04EC0-301F-11D3-BF4B-00C04F79EFBC}") = "Penguin.Cms.Email.Abstractions.Local", "..\Penguin.Cms.Email.Abstractions\Penguin.Cms.Email.Abstractions.Local.csproj", "{0FD18CE4-9B65-4EE0-B9BC-848BC1D137D0}"
EndProject
Project("{FAE04EC0-301F-11D3-BF4B-00C04F79EFBC}") = "Penguin.Email.Abstractions.Local", "..\Penguin.Email.Abstractions\Penguin.Email.Abstractions.Local.csproj", "{47E418AC-FC52-40C7-9AC4-546940009CE9}"
EndProject
Project("{FAE04EC0-301F-11D3-BF4B-00C04F79EFBC}") = "Penguin.Files.Abstractions.Local", "..\Penguin.Files.Abstractions\Penguin.Files.Abstractions.Local.csproj", "{4D293FB1-4ABB-46F6-986D-087634F8F4B9}"
EndProject
Project("{FAE04EC0-301F-11D3-BF4B-00C04F79EFBC}") = "Penguin.Email.Templating.Abstractions.Local", "..\Penguin.Email.Templating.Abstractions\Penguin.Email.Templating.Abstractions.Local.csproj", "{553A5526-BA33-4433-B33E-AD8C1ACFB88F}"
EndProject
Project("{FAE04EC0-301F-11D3-BF4B-00C04F79EFBC}") = "Penguin.Templating.Abstractions.Local", "..\Penguin.Templating.Abstractions\Penguin.Templating.Abstractions.Local.csproj", "{DC25322B-CEA8-4467-BCD6-FFFE67DF3D95}"
EndProject
Project("{FAE04EC0-301F-11D3-BF4B-00C04F79EFBC}") = "Penguin.Security.Abstractions.Local", "..\Penguin.Security.Abstractions\Penguin.Security.Abstractions.Local.csproj", "{A4C82408-4027-476E-BBAA-2EE04EBA3461}"
EndProject
Project("{FAE04EC0-301F-11D3-BF4B-00C04F79EFBC}") = "Penguin.Extensions.Collections.Local", "..\Penguin.Extensions.Collections\Penguin.Extensions.Collections.Local.csproj", "{F2D07E73-99FB-4AAB-9012-18D0BD82B0D1}"
EndProject
Project("{FAE04EC0-301F-11D3-BF4B-00C04F79EFBC}") = "Penguin.Messaging.Persistence.Local", "..\Penguin.Messaging.Persistence\Penguin.Messaging.Persistence.Local.csproj", "{D5763953-BAEE-48B3-BF81-2A3B534AB6AE}"
EndProject
Project("{FAE04EC0-301F-11D3-BF4B-00C04F79EFBC}") = "Penguin.Messaging.Abstractions.Local", "..\Penguin.Messaging.Abstractions\Penguin.Messaging.Abstractions.Local.csproj", "{81661D18-FDBC-4C66-AE42-8D8093CD07D9}"
EndProject
Project("{FAE04EC0-301F-11D3-BF4B-00C04F79EFBC}") = "Penguin.Web.Extensions.Local", "..\Penguin.Web.Extensions\Penguin.Web.Extensions.Local.csproj", "{847F38AA-9F72-4CD5-A2F1-4E1E4FB03076}"
EndProject
Global
	GlobalSection(SolutionConfigurationPlatforms) = preSolution
		Debug|Any CPU = Debug|Any CPU
		Debug|x64 = Debug|x64
		Debug|x86 = Debug|x86
		Release|Any CPU = Release|Any CPU
		Release|x64 = Release|x64
		Release|x86 = Release|x86
	EndGlobalSection
	GlobalSection(SolutionProperties) = preSolution
		HideSolutionNode = FALSE
	EndGlobalSection
	GlobalSection(ProjectConfigurationPlatforms) = postSolution
		{CA2D68C0-5E68-46C8-94AE-34026D8112B5}.Debug|Any CPU.ActiveCfg = Debug|Any CPU
		{CA2D68C0-5E68-46C8-94AE-34026D8112B5}.Debug|Any CPU.Build.0 = Debug|Any CPU
		{CA2D68C0-5E68-46C8-94AE-34026D8112B5}.Debug|x64.ActiveCfg = Debug|Any CPU
		{CA2D68C0-5E68-46C8-94AE-34026D8112B5}.Debug|x64.Build.0 = Debug|Any CPU
		{CA2D68C0-5E68-46C8-94AE-34026D8112B5}.Debug|x86.ActiveCfg = Debug|Any CPU
		{CA2D68C0-5E68-46C8-94AE-34026D8112B5}.Debug|x86.Build.0 = Debug|Any CPU
		{CA2D68C0-5E68-46C8-94AE-34026D8112B5}.Release|Any CPU.ActiveCfg = Release|Any CPU
		{CA2D68C0-5E68-46C8-94AE-34026D8112B5}.Release|Any CPU.Build.0 = Release|Any CPU
		{CA2D68C0-5E68-46C8-94AE-34026D8112B5}.Release|x64.ActiveCfg = Release|Any CPU
		{CA2D68C0-5E68-46C8-94AE-34026D8112B5}.Release|x64.Build.0 = Release|Any CPU
		{CA2D68C0-5E68-46C8-94AE-34026D8112B5}.Release|x86.ActiveCfg = Release|Any CPU
		{CA2D68C0-5E68-46C8-94AE-34026D8112B5}.Release|x86.Build.0 = Release|Any CPU
		{23A4FFD1-7B34-4F2A-A7B2-083307787EAB}.Debug|Any CPU.ActiveCfg = Debug|Any CPU
		{23A4FFD1-7B34-4F2A-A7B2-083307787EAB}.Debug|Any CPU.Build.0 = Debug|Any CPU
		{23A4FFD1-7B34-4F2A-A7B2-083307787EAB}.Debug|x64.ActiveCfg = Debug|Any CPU
		{23A4FFD1-7B34-4F2A-A7B2-083307787EAB}.Debug|x64.Build.0 = Debug|Any CPU
		{23A4FFD1-7B34-4F2A-A7B2-083307787EAB}.Debug|x86.ActiveCfg = Debug|Any CPU
		{23A4FFD1-7B34-4F2A-A7B2-083307787EAB}.Debug|x86.Build.0 = Debug|Any CPU
		{23A4FFD1-7B34-4F2A-A7B2-083307787EAB}.Release|Any CPU.ActiveCfg = Release|Any CPU
		{23A4FFD1-7B34-4F2A-A7B2-083307787EAB}.Release|Any CPU.Build.0 = Release|Any CPU
		{23A4FFD1-7B34-4F2A-A7B2-083307787EAB}.Release|x64.ActiveCfg = Release|Any CPU
		{23A4FFD1-7B34-4F2A-A7B2-083307787EAB}.Release|x64.Build.0 = Release|Any CPU
		{23A4FFD1-7B34-4F2A-A7B2-083307787EAB}.Release|x86.ActiveCfg = Release|Any CPU
		{23A4FFD1-7B34-4F2A-A7B2-083307787EAB}.Release|x86.Build.0 = Release|Any CPU
		{A3CAC491-74B4-42D2-96CD-F45550E7C72F}.Debug|Any CPU.ActiveCfg = Debug|Any CPU
		{A3CAC491-74B4-42D2-96CD-F45550E7C72F}.Debug|Any CPU.Build.0 = Debug|Any CPU
		{A3CAC491-74B4-42D2-96CD-F45550E7C72F}.Debug|x64.ActiveCfg = Debug|Any CPU
		{A3CAC491-74B4-42D2-96CD-F45550E7C72F}.Debug|x64.Build.0 = Debug|Any CPU
		{A3CAC491-74B4-42D2-96CD-F45550E7C72F}.Debug|x86.ActiveCfg = Debug|Any CPU
		{A3CAC491-74B4-42D2-96CD-F45550E7C72F}.Debug|x86.Build.0 = Debug|Any CPU
		{A3CAC491-74B4-42D2-96CD-F45550E7C72F}.Release|Any CPU.ActiveCfg = Release|Any CPU
		{A3CAC491-74B4-42D2-96CD-F45550E7C72F}.Release|Any CPU.Build.0 = Release|Any CPU
		{A3CAC491-74B4-42D2-96CD-F45550E7C72F}.Release|x64.ActiveCfg = Release|Any CPU
		{A3CAC491-74B4-42D2-96CD-F45550E7C72F}.Release|x64.Build.0 = Release|Any CPU
		{A3CAC491-74B4-42D2-96CD-F45550E7C72F}.Release|x86.ActiveCfg = Release|Any CPU
		{A3CAC491-74B4-42D2-96CD-F45550E7C72F}.Release|x86.Build.0 = Release|Any CPU
		{2AC9BCCB-06E4-4C63-A8BC-0BC62A4DF17A}.Debug|Any CPU.ActiveCfg = Debug|Any CPU
		{2AC9BCCB-06E4-4C63-A8BC-0BC62A4DF17A}.Debug|Any CPU.Build.0 = Debug|Any CPU
		{2AC9BCCB-06E4-4C63-A8BC-0BC62A4DF17A}.Debug|x64.ActiveCfg = Debug|Any CPU
		{2AC9BCCB-06E4-4C63-A8BC-0BC62A4DF17A}.Debug|x64.Build.0 = Debug|Any CPU
		{2AC9BCCB-06E4-4C63-A8BC-0BC62A4DF17A}.Debug|x86.ActiveCfg = Debug|Any CPU
		{2AC9BCCB-06E4-4C63-A8BC-0BC62A4DF17A}.Debug|x86.Build.0 = Debug|Any CPU
		{2AC9BCCB-06E4-4C63-A8BC-0BC62A4DF17A}.Release|Any CPU.ActiveCfg = Release|Any CPU
		{2AC9BCCB-06E4-4C63-A8BC-0BC62A4DF17A}.Release|Any CPU.Build.0 = Release|Any CPU
		{2AC9BCCB-06E4-4C63-A8BC-0BC62A4DF17A}.Release|x64.ActiveCfg = Release|Any CPU
		{2AC9BCCB-06E4-4C63-A8BC-0BC62A4DF17A}.Release|x64.Build.0 = Release|Any CPU
		{2AC9BCCB-06E4-4C63-A8BC-0BC62A4DF17A}.Release|x86.ActiveCfg = Release|Any CPU
		{2AC9BCCB-06E4-4C63-A8BC-0BC62A4DF17A}.Release|x86.Build.0 = Release|Any CPU
		{9D41F3F4-81C6-444A-8E0E-D2716B17B623}.Debug|Any CPU.ActiveCfg = Debug|Any CPU
		{9D41F3F4-81C6-444A-8E0E-D2716B17B623}.Debug|Any CPU.Build.0 = Debug|Any CPU
		{9D41F3F4-81C6-444A-8E0E-D2716B17B623}.Debug|x64.ActiveCfg = Debug|Any CPU
		{9D41F3F4-81C6-444A-8E0E-D2716B17B623}.Debug|x64.Build.0 = Debug|Any CPU
		{9D41F3F4-81C6-444A-8E0E-D2716B17B623}.Debug|x86.ActiveCfg = Debug|Any CPU
		{9D41F3F4-81C6-444A-8E0E-D2716B17B623}.Debug|x86.Build.0 = Debug|Any CPU
		{9D41F3F4-81C6-444A-8E0E-D2716B17B623}.Release|Any CPU.ActiveCfg = Release|Any CPU
		{9D41F3F4-81C6-444A-8E0E-D2716B17B623}.Release|Any CPU.Build.0 = Release|Any CPU
		{9D41F3F4-81C6-444A-8E0E-D2716B17B623}.Release|x64.ActiveCfg = Release|Any CPU
		{9D41F3F4-81C6-444A-8E0E-D2716B17B623}.Release|x64.Build.0 = Release|Any CPU
		{9D41F3F4-81C6-444A-8E0E-D2716B17B623}.Release|x86.ActiveCfg = Release|Any CPU
		{9D41F3F4-81C6-444A-8E0E-D2716B17B623}.Release|x86.Build.0 = Release|Any CPU
		{4CA20F38-3401-4FEC-A9B9-7D10B551BC75}.Debug|Any CPU.ActiveCfg = Debug|Any CPU
		{4CA20F38-3401-4FEC-A9B9-7D10B551BC75}.Debug|Any CPU.Build.0 = Debug|Any CPU
		{4CA20F38-3401-4FEC-A9B9-7D10B551BC75}.Debug|x64.ActiveCfg = Debug|Any CPU
		{4CA20F38-3401-4FEC-A9B9-7D10B551BC75}.Debug|x64.Build.0 = Debug|Any CPU
		{4CA20F38-3401-4FEC-A9B9-7D10B551BC75}.Debug|x86.ActiveCfg = Debug|Any CPU
		{4CA20F38-3401-4FEC-A9B9-7D10B551BC75}.Debug|x86.Build.0 = Debug|Any CPU
		{4CA20F38-3401-4FEC-A9B9-7D10B551BC75}.Release|Any CPU.ActiveCfg = Release|Any CPU
		{4CA20F38-3401-4FEC-A9B9-7D10B551BC75}.Release|Any CPU.Build.0 = Release|Any CPU
		{4CA20F38-3401-4FEC-A9B9-7D10B551BC75}.Release|x64.ActiveCfg = Release|Any CPU
		{4CA20F38-3401-4FEC-A9B9-7D10B551BC75}.Release|x64.Build.0 = Release|Any CPU
		{4CA20F38-3401-4FEC-A9B9-7D10B551BC75}.Release|x86.ActiveCfg = Release|Any CPU
		{4CA20F38-3401-4FEC-A9B9-7D10B551BC75}.Release|x86.Build.0 = Release|Any CPU
		{EFA8936E-D767-48E1-A298-F30B712E4506}.Debug|Any CPU.ActiveCfg = Debug|Any CPU
		{EFA8936E-D767-48E1-A298-F30B712E4506}.Debug|Any CPU.Build.0 = Debug|Any CPU
		{EFA8936E-D767-48E1-A298-F30B712E4506}.Debug|x64.ActiveCfg = Debug|Any CPU
		{EFA8936E-D767-48E1-A298-F30B712E4506}.Debug|x64.Build.0 = Debug|Any CPU
		{EFA8936E-D767-48E1-A298-F30B712E4506}.Debug|x86.ActiveCfg = Debug|Any CPU
		{EFA8936E-D767-48E1-A298-F30B712E4506}.Debug|x86.Build.0 = Debug|Any CPU
		{EFA8936E-D767-48E1-A298-F30B712E4506}.Release|Any CPU.ActiveCfg = Release|Any CPU
		{EFA8936E-D767-48E1-A298-F30B712E4506}.Release|Any CPU.Build.0 = Release|Any CPU
		{EFA8936E-D767-48E1-A298-F30B712E4506}.Release|x64.ActiveCfg = Release|Any CPU
		{EFA8936E-D767-48E1-A298-F30B712E4506}.Release|x64.Build.0 = Release|Any CPU
		{EFA8936E-D767-48E1-A298-F30B712E4506}.Release|x86.ActiveCfg = Release|Any CPU
		{EFA8936E-D767-48E1-A298-F30B712E4506}.Release|x86.Build.0 = Release|Any CPU
		{A74E9A32-960F-42C0-B263-950860441E76}.Debug|Any CPU.ActiveCfg = Debug|Any CPU
		{A74E9A32-960F-42C0-B263-950860441E76}.Debug|Any CPU.Build.0 = Debug|Any CPU
		{A74E9A32-960F-42C0-B263-950860441E76}.Debug|x64.ActiveCfg = Debug|Any CPU
		{A74E9A32-960F-42C0-B263-950860441E76}.Debug|x64.Build.0 = Debug|Any CPU
		{A74E9A32-960F-42C0-B263-950860441E76}.Debug|x86.ActiveCfg = Debug|Any CPU
		{A74E9A32-960F-42C0-B263-950860441E76}.Debug|x86.Build.0 = Debug|Any CPU
		{A74E9A32-960F-42C0-B263-950860441E76}.Release|Any CPU.ActiveCfg = Release|Any CPU
		{A74E9A32-960F-42C0-B263-950860441E76}.Release|Any CPU.Build.0 = Release|Any CPU
		{A74E9A32-960F-42C0-B263-950860441E76}.Release|x64.ActiveCfg = Release|Any CPU
		{A74E9A32-960F-42C0-B263-950860441E76}.Release|x64.Build.0 = Release|Any CPU
		{A74E9A32-960F-42C0-B263-950860441E76}.Release|x86.ActiveCfg = Release|Any CPU
		{A74E9A32-960F-42C0-B263-950860441E76}.Release|x86.Build.0 = Release|Any CPU
		{CA077280-857E-405B-AA66-1EC6FA022209}.Debug|Any CPU.ActiveCfg = Debug|Any CPU
		{CA077280-857E-405B-AA66-1EC6FA022209}.Debug|Any CPU.Build.0 = Debug|Any CPU
		{CA077280-857E-405B-AA66-1EC6FA022209}.Debug|x64.ActiveCfg = Debug|Any CPU
		{CA077280-857E-405B-AA66-1EC6FA022209}.Debug|x64.Build.0 = Debug|Any CPU
		{CA077280-857E-405B-AA66-1EC6FA022209}.Debug|x86.ActiveCfg = Debug|Any CPU
		{CA077280-857E-405B-AA66-1EC6FA022209}.Debug|x86.Build.0 = Debug|Any CPU
		{CA077280-857E-405B-AA66-1EC6FA022209}.Release|Any CPU.ActiveCfg = Release|Any CPU
		{CA077280-857E-405B-AA66-1EC6FA022209}.Release|Any CPU.Build.0 = Release|Any CPU
		{CA077280-857E-405B-AA66-1EC6FA022209}.Release|x64.ActiveCfg = Release|Any CPU
		{CA077280-857E-405B-AA66-1EC6FA022209}.Release|x64.Build.0 = Release|Any CPU
		{CA077280-857E-405B-AA66-1EC6FA022209}.Release|x86.ActiveCfg = Release|Any CPU
		{CA077280-857E-405B-AA66-1EC6FA022209}.Release|x86.Build.0 = Release|Any CPU
		{514545E8-2F40-434B-84D5-9F6DDF8EA26C}.Debug|Any CPU.ActiveCfg = Debug|Any CPU
		{514545E8-2F40-434B-84D5-9F6DDF8EA26C}.Debug|Any CPU.Build.0 = Debug|Any CPU
		{514545E8-2F40-434B-84D5-9F6DDF8EA26C}.Debug|x64.ActiveCfg = Debug|Any CPU
		{514545E8-2F40-434B-84D5-9F6DDF8EA26C}.Debug|x64.Build.0 = Debug|Any CPU
		{514545E8-2F40-434B-84D5-9F6DDF8EA26C}.Debug|x86.ActiveCfg = Debug|Any CPU
		{514545E8-2F40-434B-84D5-9F6DDF8EA26C}.Debug|x86.Build.0 = Debug|Any CPU
		{514545E8-2F40-434B-84D5-9F6DDF8EA26C}.Release|Any CPU.ActiveCfg = Release|Any CPU
		{514545E8-2F40-434B-84D5-9F6DDF8EA26C}.Release|Any CPU.Build.0 = Release|Any CPU
		{514545E8-2F40-434B-84D5-9F6DDF8EA26C}.Release|x64.ActiveCfg = Release|Any CPU
		{514545E8-2F40-434B-84D5-9F6DDF8EA26C}.Release|x64.Build.0 = Release|Any CPU
		{514545E8-2F40-434B-84D5-9F6DDF8EA26C}.Release|x86.ActiveCfg = Release|Any CPU
		{514545E8-2F40-434B-84D5-9F6DDF8EA26C}.Release|x86.Build.0 = Release|Any CPU
		{CB35444B-BCE7-4D62-9D13-CE10C8D9B8EF}.Debug|Any CPU.ActiveCfg = Debug|Any CPU
		{CB35444B-BCE7-4D62-9D13-CE10C8D9B8EF}.Debug|Any CPU.Build.0 = Debug|Any CPU
		{CB35444B-BCE7-4D62-9D13-CE10C8D9B8EF}.Debug|x64.ActiveCfg = Debug|Any CPU
		{CB35444B-BCE7-4D62-9D13-CE10C8D9B8EF}.Debug|x64.Build.0 = Debug|Any CPU
		{CB35444B-BCE7-4D62-9D13-CE10C8D9B8EF}.Debug|x86.ActiveCfg = Debug|Any CPU
		{CB35444B-BCE7-4D62-9D13-CE10C8D9B8EF}.Debug|x86.Build.0 = Debug|Any CPU
		{CB35444B-BCE7-4D62-9D13-CE10C8D9B8EF}.Release|Any CPU.ActiveCfg = Release|Any CPU
		{CB35444B-BCE7-4D62-9D13-CE10C8D9B8EF}.Release|Any CPU.Build.0 = Release|Any CPU
		{CB35444B-BCE7-4D62-9D13-CE10C8D9B8EF}.Release|x64.ActiveCfg = Release|Any CPU
		{CB35444B-BCE7-4D62-9D13-CE10C8D9B8EF}.Release|x64.Build.0 = Release|Any CPU
		{CB35444B-BCE7-4D62-9D13-CE10C8D9B8EF}.Release|x86.ActiveCfg = Release|Any CPU
		{CB35444B-BCE7-4D62-9D13-CE10C8D9B8EF}.Release|x86.Build.0 = Release|Any CPU
		{0FD18CE4-9B65-4EE0-B9BC-848BC1D137D0}.Debug|Any CPU.ActiveCfg = Debug|Any CPU
		{0FD18CE4-9B65-4EE0-B9BC-848BC1D137D0}.Debug|Any CPU.Build.0 = Debug|Any CPU
		{0FD18CE4-9B65-4EE0-B9BC-848BC1D137D0}.Debug|x64.ActiveCfg = Debug|Any CPU
		{0FD18CE4-9B65-4EE0-B9BC-848BC1D137D0}.Debug|x64.Build.0 = Debug|Any CPU
		{0FD18CE4-9B65-4EE0-B9BC-848BC1D137D0}.Debug|x86.ActiveCfg = Debug|Any CPU
		{0FD18CE4-9B65-4EE0-B9BC-848BC1D137D0}.Debug|x86.Build.0 = Debug|Any CPU
		{0FD18CE4-9B65-4EE0-B9BC-848BC1D137D0}.Release|Any CPU.ActiveCfg = Release|Any CPU
		{0FD18CE4-9B65-4EE0-B9BC-848BC1D137D0}.Release|Any CPU.Build.0 = Release|Any CPU
		{0FD18CE4-9B65-4EE0-B9BC-848BC1D137D0}.Release|x64.ActiveCfg = Release|Any CPU
		{0FD18CE4-9B65-4EE0-B9BC-848BC1D137D0}.Release|x64.Build.0 = Release|Any CPU
		{0FD18CE4-9B65-4EE0-B9BC-848BC1D137D0}.Release|x86.ActiveCfg = Release|Any CPU
		{0FD18CE4-9B65-4EE0-B9BC-848BC1D137D0}.Release|x86.Build.0 = Release|Any CPU
		{47E418AC-FC52-40C7-9AC4-546940009CE9}.Debug|Any CPU.ActiveCfg = Debug|Any CPU
		{47E418AC-FC52-40C7-9AC4-546940009CE9}.Debug|Any CPU.Build.0 = Debug|Any CPU
		{47E418AC-FC52-40C7-9AC4-546940009CE9}.Debug|x64.ActiveCfg = Debug|Any CPU
		{47E418AC-FC52-40C7-9AC4-546940009CE9}.Debug|x64.Build.0 = Debug|Any CPU
		{47E418AC-FC52-40C7-9AC4-546940009CE9}.Debug|x86.ActiveCfg = Debug|Any CPU
		{47E418AC-FC52-40C7-9AC4-546940009CE9}.Debug|x86.Build.0 = Debug|Any CPU
		{47E418AC-FC52-40C7-9AC4-546940009CE9}.Release|Any CPU.ActiveCfg = Release|Any CPU
		{47E418AC-FC52-40C7-9AC4-546940009CE9}.Release|Any CPU.Build.0 = Release|Any CPU
		{47E418AC-FC52-40C7-9AC4-546940009CE9}.Release|x64.ActiveCfg = Release|Any CPU
		{47E418AC-FC52-40C7-9AC4-546940009CE9}.Release|x64.Build.0 = Release|Any CPU
		{47E418AC-FC52-40C7-9AC4-546940009CE9}.Release|x86.ActiveCfg = Release|Any CPU
		{47E418AC-FC52-40C7-9AC4-546940009CE9}.Release|x86.Build.0 = Release|Any CPU
		{4D293FB1-4ABB-46F6-986D-087634F8F4B9}.Debug|Any CPU.ActiveCfg = Debug|Any CPU
		{4D293FB1-4ABB-46F6-986D-087634F8F4B9}.Debug|Any CPU.Build.0 = Debug|Any CPU
		{4D293FB1-4ABB-46F6-986D-087634F8F4B9}.Debug|x64.ActiveCfg = Debug|Any CPU
		{4D293FB1-4ABB-46F6-986D-087634F8F4B9}.Debug|x64.Build.0 = Debug|Any CPU
		{4D293FB1-4ABB-46F6-986D-087634F8F4B9}.Debug|x86.ActiveCfg = Debug|Any CPU
		{4D293FB1-4ABB-46F6-986D-087634F8F4B9}.Debug|x86.Build.0 = Debug|Any CPU
		{4D293FB1-4ABB-46F6-986D-087634F8F4B9}.Release|Any CPU.ActiveCfg = Release|Any CPU
		{4D293FB1-4ABB-46F6-986D-087634F8F4B9}.Release|Any CPU.Build.0 = Release|Any CPU
		{4D293FB1-4ABB-46F6-986D-087634F8F4B9}.Release|x64.ActiveCfg = Release|Any CPU
		{4D293FB1-4ABB-46F6-986D-087634F8F4B9}.Release|x64.Build.0 = Release|Any CPU
		{4D293FB1-4ABB-46F6-986D-087634F8F4B9}.Release|x86.ActiveCfg = Release|Any CPU
		{4D293FB1-4ABB-46F6-986D-087634F8F4B9}.Release|x86.Build.0 = Release|Any CPU
		{553A5526-BA33-4433-B33E-AD8C1ACFB88F}.Debug|Any CPU.ActiveCfg = Debug|Any CPU
		{553A5526-BA33-4433-B33E-AD8C1ACFB88F}.Debug|Any CPU.Build.0 = Debug|Any CPU
		{553A5526-BA33-4433-B33E-AD8C1ACFB88F}.Debug|x64.ActiveCfg = Debug|Any CPU
		{553A5526-BA33-4433-B33E-AD8C1ACFB88F}.Debug|x64.Build.0 = Debug|Any CPU
		{553A5526-BA33-4433-B33E-AD8C1ACFB88F}.Debug|x86.ActiveCfg = Debug|Any CPU
		{553A5526-BA33-4433-B33E-AD8C1ACFB88F}.Debug|x86.Build.0 = Debug|Any CPU
		{553A5526-BA33-4433-B33E-AD8C1ACFB88F}.Release|Any CPU.ActiveCfg = Release|Any CPU
		{553A5526-BA33-4433-B33E-AD8C1ACFB88F}.Release|Any CPU.Build.0 = Release|Any CPU
		{553A5526-BA33-4433-B33E-AD8C1ACFB88F}.Release|x64.ActiveCfg = Release|Any CPU
		{553A5526-BA33-4433-B33E-AD8C1ACFB88F}.Release|x64.Build.0 = Release|Any CPU
		{553A5526-BA33-4433-B33E-AD8C1ACFB88F}.Release|x86.ActiveCfg = Release|Any CPU
		{553A5526-BA33-4433-B33E-AD8C1ACFB88F}.Release|x86.Build.0 = Release|Any CPU
		{DC25322B-CEA8-4467-BCD6-FFFE67DF3D95}.Debug|Any CPU.ActiveCfg = Debug|Any CPU
		{DC25322B-CEA8-4467-BCD6-FFFE67DF3D95}.Debug|Any CPU.Build.0 = Debug|Any CPU
		{DC25322B-CEA8-4467-BCD6-FFFE67DF3D95}.Debug|x64.ActiveCfg = Debug|Any CPU
		{DC25322B-CEA8-4467-BCD6-FFFE67DF3D95}.Debug|x64.Build.0 = Debug|Any CPU
		{DC25322B-CEA8-4467-BCD6-FFFE67DF3D95}.Debug|x86.ActiveCfg = Debug|Any CPU
		{DC25322B-CEA8-4467-BCD6-FFFE67DF3D95}.Debug|x86.Build.0 = Debug|Any CPU
		{DC25322B-CEA8-4467-BCD6-FFFE67DF3D95}.Release|Any CPU.ActiveCfg = Release|Any CPU
		{DC25322B-CEA8-4467-BCD6-FFFE67DF3D95}.Release|Any CPU.Build.0 = Release|Any CPU
		{DC25322B-CEA8-4467-BCD6-FFFE67DF3D95}.Release|x64.ActiveCfg = Release|Any CPU
		{DC25322B-CEA8-4467-BCD6-FFFE67DF3D95}.Release|x64.Build.0 = Release|Any CPU
		{DC25322B-CEA8-4467-BCD6-FFFE67DF3D95}.Release|x86.ActiveCfg = Release|Any CPU
		{DC25322B-CEA8-4467-BCD6-FFFE67DF3D95}.Release|x86.Build.0 = Release|Any CPU
		{A4C82408-4027-476E-BBAA-2EE04EBA3461}.Debug|Any CPU.ActiveCfg = Debug|Any CPU
		{A4C82408-4027-476E-BBAA-2EE04EBA3461}.Debug|Any CPU.Build.0 = Debug|Any CPU
		{A4C82408-4027-476E-BBAA-2EE04EBA3461}.Debug|x64.ActiveCfg = Debug|Any CPU
		{A4C82408-4027-476E-BBAA-2EE04EBA3461}.Debug|x64.Build.0 = Debug|Any CPU
		{A4C82408-4027-476E-BBAA-2EE04EBA3461}.Debug|x86.ActiveCfg = Debug|Any CPU
		{A4C82408-4027-476E-BBAA-2EE04EBA3461}.Debug|x86.Build.0 = Debug|Any CPU
		{A4C82408-4027-476E-BBAA-2EE04EBA3461}.Release|Any CPU.ActiveCfg = Release|Any CPU
		{A4C82408-4027-476E-BBAA-2EE04EBA3461}.Release|Any CPU.Build.0 = Release|Any CPU
		{A4C82408-4027-476E-BBAA-2EE04EBA3461}.Release|x64.ActiveCfg = Release|Any CPU
		{A4C82408-4027-476E-BBAA-2EE04EBA3461}.Release|x64.Build.0 = Release|Any CPU
		{A4C82408-4027-476E-BBAA-2EE04EBA3461}.Release|x86.ActiveCfg = Release|Any CPU
		{A4C82408-4027-476E-BBAA-2EE04EBA3461}.Release|x86.Build.0 = Release|Any CPU
		{F2D07E73-99FB-4AAB-9012-18D0BD82B0D1}.Debug|Any CPU.ActiveCfg = Debug|Any CPU
		{F2D07E73-99FB-4AAB-9012-18D0BD82B0D1}.Debug|Any CPU.Build.0 = Debug|Any CPU
		{F2D07E73-99FB-4AAB-9012-18D0BD82B0D1}.Debug|x64.ActiveCfg = Debug|Any CPU
		{F2D07E73-99FB-4AAB-9012-18D0BD82B0D1}.Debug|x64.Build.0 = Debug|Any CPU
		{F2D07E73-99FB-4AAB-9012-18D0BD82B0D1}.Debug|x86.ActiveCfg = Debug|Any CPU
		{F2D07E73-99FB-4AAB-9012-18D0BD82B0D1}.Debug|x86.Build.0 = Debug|Any CPU
		{F2D07E73-99FB-4AAB-9012-18D0BD82B0D1}.Release|Any CPU.ActiveCfg = Release|Any CPU
		{F2D07E73-99FB-4AAB-9012-18D0BD82B0D1}.Release|Any CPU.Build.0 = Release|Any CPU
		{F2D07E73-99FB-4AAB-9012-18D0BD82B0D1}.Release|x64.ActiveCfg = Release|Any CPU
		{F2D07E73-99FB-4AAB-9012-18D0BD82B0D1}.Release|x64.Build.0 = Release|Any CPU
		{F2D07E73-99FB-4AAB-9012-18D0BD82B0D1}.Release|x86.ActiveCfg = Release|Any CPU
		{F2D07E73-99FB-4AAB-9012-18D0BD82B0D1}.Release|x86.Build.0 = Release|Any CPU
		{D5763953-BAEE-48B3-BF81-2A3B534AB6AE}.Debug|Any CPU.ActiveCfg = Debug|Any CPU
		{D5763953-BAEE-48B3-BF81-2A3B534AB6AE}.Debug|Any CPU.Build.0 = Debug|Any CPU
		{D5763953-BAEE-48B3-BF81-2A3B534AB6AE}.Debug|x64.ActiveCfg = Debug|Any CPU
		{D5763953-BAEE-48B3-BF81-2A3B534AB6AE}.Debug|x64.Build.0 = Debug|Any CPU
		{D5763953-BAEE-48B3-BF81-2A3B534AB6AE}.Debug|x86.ActiveCfg = Debug|Any CPU
		{D5763953-BAEE-48B3-BF81-2A3B534AB6AE}.Debug|x86.Build.0 = Debug|Any CPU
		{D5763953-BAEE-48B3-BF81-2A3B534AB6AE}.Release|Any CPU.ActiveCfg = Release|Any CPU
		{D5763953-BAEE-48B3-BF81-2A3B534AB6AE}.Release|Any CPU.Build.0 = Release|Any CPU
		{D5763953-BAEE-48B3-BF81-2A3B534AB6AE}.Release|x64.ActiveCfg = Release|Any CPU
		{D5763953-BAEE-48B3-BF81-2A3B534AB6AE}.Release|x64.Build.0 = Release|Any CPU
		{D5763953-BAEE-48B3-BF81-2A3B534AB6AE}.Release|x86.ActiveCfg = Release|Any CPU
		{D5763953-BAEE-48B3-BF81-2A3B534AB6AE}.Release|x86.Build.0 = Release|Any CPU
		{81661D18-FDBC-4C66-AE42-8D8093CD07D9}.Debug|Any CPU.ActiveCfg = Debug|Any CPU
		{81661D18-FDBC-4C66-AE42-8D8093CD07D9}.Debug|Any CPU.Build.0 = Debug|Any CPU
		{81661D18-FDBC-4C66-AE42-8D8093CD07D9}.Debug|x64.ActiveCfg = Debug|Any CPU
		{81661D18-FDBC-4C66-AE42-8D8093CD07D9}.Debug|x64.Build.0 = Debug|Any CPU
		{81661D18-FDBC-4C66-AE42-8D8093CD07D9}.Debug|x86.ActiveCfg = Debug|Any CPU
		{81661D18-FDBC-4C66-AE42-8D8093CD07D9}.Debug|x86.Build.0 = Debug|Any CPU
		{81661D18-FDBC-4C66-AE42-8D8093CD07D9}.Release|Any CPU.ActiveCfg = Release|Any CPU
		{81661D18-FDBC-4C66-AE42-8D8093CD07D9}.Release|Any CPU.Build.0 = Release|Any CPU
		{81661D18-FDBC-4C66-AE42-8D8093CD07D9}.Release|x64.ActiveCfg = Release|Any CPU
		{81661D18-FDBC-4C66-AE42-8D8093CD07D9}.Release|x64.Build.0 = Release|Any CPU
		{81661D18-FDBC-4C66-AE42-8D8093CD07D9}.Release|x86.ActiveCfg = Release|Any CPU
		{81661D18-FDBC-4C66-AE42-8D8093CD07D9}.Release|x86.Build.0 = Release|Any CPU
		{847F38AA-9F72-4CD5-A2F1-4E1E4FB03076}.Debug|Any CPU.ActiveCfg = Debug|Any CPU
		{847F38AA-9F72-4CD5-A2F1-4E1E4FB03076}.Debug|Any CPU.Build.0 = Debug|Any CPU
		{847F38AA-9F72-4CD5-A2F1-4E1E4FB03076}.Debug|x64.ActiveCfg = Debug|Any CPU
		{847F38AA-9F72-4CD5-A2F1-4E1E4FB03076}.Debug|x64.Build.0 = Debug|Any CPU
		{847F38AA-9F72-4CD5-A2F1-4E1E4FB03076}.Debug|x86.ActiveCfg = Debug|Any CPU
		{847F38AA-9F72-4CD5-A2F1-4E1E4FB03076}.Debug|x86.Build.0 = Debug|Any CPU
		{847F38AA-9F72-4CD5-A2F1-4E1E4FB03076}.Release|Any CPU.ActiveCfg = Release|Any CPU
		{847F38AA-9F72-4CD5-A2F1-4E1E4FB03076}.Release|Any CPU.Build.0 = Release|Any CPU
		{847F38AA-9F72-4CD5-A2F1-4E1E4FB03076}.Release|x64.ActiveCfg = Release|Any CPU
		{847F38AA-9F72-4CD5-A2F1-4E1E4FB03076}.Release|x64.Build.0 = Release|Any CPU
		{847F38AA-9F72-4CD5-A2F1-4E1E4FB03076}.Release|x86.ActiveCfg = Release|Any CPU
		{847F38AA-9F72-4CD5-A2F1-4E1E4FB03076}.Release|x86.Build.0 = Release|Any CPU
	EndGlobalSection
EndGlobal
