
Microsoft Visual Studio Solution File, Format Version 12.00
# Visual Studio Version 16
VisualStudioVersion = 16.6.30114.105
MinimumVisualStudioVersion = 10.0.40219.1
Project("{FAE04EC0-301F-11D3-BF4B-00C04F79EFBC}") = "Penguin.Cms.Web.Security.Local", "Penguin.Cms.Web.Security.Local.csproj", "{BD505D04-BBB4-481E-A27A-D0A8FF9DB58F}"
EndProject
Project("{FAE04EC0-301F-11D3-BF4B-00C04F79EFBC}") = "Penguin.Messaging.Persistence.Local", "..\Penguin.Messaging.Persistence\Penguin.Messaging.Persistence.Local.csproj", "{265369EE-0AE7-4BB5-8496-512A42E49623}"
EndProject
Project("{FAE04EC0-301F-11D3-BF4B-00C04F79EFBC}") = "Penguin.Messaging.Abstractions.Local", "..\Penguin.Messaging.Abstractions\Penguin.Messaging.Abstractions.Local.csproj", "{BC3E7AFC-3C07-4D84-98E4-FB4E537AA221}"
EndProject
Project("{FAE04EC0-301F-11D3-BF4B-00C04F79EFBC}") = "Penguin.Web.Extensions.Local", "..\Penguin.Web.Extensions\Penguin.Web.Extensions.Local.csproj", "{46FE3E12-12E4-47BA-B9CF-9F9221A87E61}"
EndProject
Project("{FAE04EC0-301F-11D3-BF4B-00C04F79EFBC}") = "Penguin.Extensions.Collections.Local", "..\Penguin.Extensions.Collections\Penguin.Extensions.Collections.Local.csproj", "{D1C88ACA-E332-49DD-AB7A-FEB5533F24A1}"
EndProject
Project("{FAE04EC0-301F-11D3-BF4B-00C04F79EFBC}") = "Penguin.Reflection.Extensions.Local", "..\Penguin.Reflection.Extensions\Penguin.Reflection.Extensions.Local.csproj", "{938C9EBF-8048-467B-ADE7-718620B0F181}"
EndProject
Project("{FAE04EC0-301F-11D3-BF4B-00C04F79EFBC}") = "Penguin.Reflection.Abstractions.Local", "..\Penguin.Reflection.Abstractions\Penguin.Reflection.Abstractions.Local.csproj", "{48341D70-C59A-4265-841D-AFB18C6062AB}"
EndProject
Project("{FAE04EC0-301F-11D3-BF4B-00C04F79EFBC}") = "Penguin.Extensions.String.Local", "..\Penguin.Extensions.String\Penguin.Extensions.String.Local.csproj", "{2DC13AF0-D68D-4524-B114-223712A44DC9}"
EndProject
Project("{FAE04EC0-301F-11D3-BF4B-00C04F79EFBC}") = "Penguin.Cms.Security.Local", "..\Penguin.Cms.Security\Penguin.Cms.Security.Local.csproj", "{B59FB4F2-A0B1-4D91-9DEA-1B0F525C1F07}"
EndProject
Project("{FAE04EC0-301F-11D3-BF4B-00C04F79EFBC}") = "Penguin.Auditing.Abstractions.Local", "..\Penguin.Auditing.Abstractions\Penguin.Auditing.Abstractions.Local.csproj", "{E254CD23-E9A6-4678-9BA5-923B325B9F29}"
EndProject
Project("{FAE04EC0-301F-11D3-BF4B-00C04F79EFBC}") = "Penguin.Cms.Email.Abstractions.Local", "..\Penguin.Cms.Email.Abstractions\Penguin.Cms.Email.Abstractions.Local.csproj", "{035765E0-8ED6-4AD6-8F10-D7842630FAF0}"
EndProject
Project("{FAE04EC0-301F-11D3-BF4B-00C04F79EFBC}") = "Penguin.Email.Abstractions.Local", "..\Penguin.Email.Abstractions\Penguin.Email.Abstractions.Local.csproj", "{EFF295D1-CF43-4A68-8F0A-0428DED2EDAF}"
EndProject
Project("{FAE04EC0-301F-11D3-BF4B-00C04F79EFBC}") = "Penguin.Files.Abstractions.Local", "..\Penguin.Files.Abstractions\Penguin.Files.Abstractions.Local.csproj", "{CA07A2A2-5608-4EB3-86B2-0CFAD6140860}"
EndProject
Project("{FAE04EC0-301F-11D3-BF4B-00C04F79EFBC}") = "Penguin.Email.Templating.Abstractions.Local", "..\Penguin.Email.Templating.Abstractions\Penguin.Email.Templating.Abstractions.Local.csproj", "{87EFD43E-4BFB-45D5-BF89-5C553DBCF54C}"
EndProject
Project("{FAE04EC0-301F-11D3-BF4B-00C04F79EFBC}") = "Penguin.Templating.Abstractions.Local", "..\Penguin.Templating.Abstractions\Penguin.Templating.Abstractions.Local.csproj", "{9E031E50-038D-46BF-AA11-9808812484BB}"
EndProject
Project("{FAE04EC0-301F-11D3-BF4B-00C04F79EFBC}") = "Penguin.Security.Abstractions.Local", "..\Penguin.Security.Abstractions\Penguin.Security.Abstractions.Local.csproj", "{F3698DF8-536F-4155-A238-95C94986083B}"
EndProject
Project("{FAE04EC0-301F-11D3-BF4B-00C04F79EFBC}") = "Penguin.Cms.Abstractions.Local", "..\Penguin.Cms.Abstractions\Penguin.Cms.Abstractions.Local.csproj", "{9162E7C9-CC6A-48DD-ABE3-155E7E902141}"
EndProject
Project("{FAE04EC0-301F-11D3-BF4B-00C04F79EFBC}") = "Penguin.DependencyInjection.Abstractions.Local", "..\Penguin.DependencyInjection.Abstractions\Penguin.DependencyInjection.Abstractions.Local.csproj", "{30786D7D-518D-4D23-81A7-3E5AA92EEEB7}"
EndProject
Project("{FAE04EC0-301F-11D3-BF4B-00C04F79EFBC}") = "Penguin.Persistence.Abstractions.Local", "..\Penguin.Persistence.Abstractions\Penguin.Persistence.Abstractions.Local.csproj", "{4499DCA6-27E0-4274-BED5-EB14AD88EC71}"
EndProject
Project("{FAE04EC0-301F-11D3-BF4B-00C04F79EFBC}") = "Penguin.Entities.Abstractions.Local", "..\Penguin.Entities.Abstractions\Penguin.Entities.Abstractions.Local.csproj", "{0239F321-A927-4185-AA79-7CB5A453941B}"
EndProject
Project("{FAE04EC0-301F-11D3-BF4B-00C04F79EFBC}") = "Penguin.Cms.Entities.Local", "..\Penguin.Cms.Entities\Penguin.Cms.Entities.Local.csproj", "{1D41EE52-ABB6-41CD-B21C-72CCAED6FF21}"
EndProject
Global
	GlobalSection(SolutionConfigurationPlatforms) = preSolution
		Debug|Any CPU = Debug|Any CPU
		Debug|x64 = Debug|x64
		Debug|x86 = Debug|x86
		Release|Any CPU = Release|Any CPU
		Release|x64 = Release|x64
		Release|x86 = Release|x86
	EndGlobalSection
	GlobalSection(SolutionProperties) = preSolution
		HideSolutionNode = FALSE
	EndGlobalSection
	GlobalSection(ProjectConfigurationPlatforms) = postSolution
		{BD505D04-BBB4-481E-A27A-D0A8FF9DB58F}.Debug|Any CPU.ActiveCfg = Debug|Any CPU
		{BD505D04-BBB4-481E-A27A-D0A8FF9DB58F}.Debug|Any CPU.Build.0 = Debug|Any CPU
		{BD505D04-BBB4-481E-A27A-D0A8FF9DB58F}.Debug|x64.ActiveCfg = Debug|Any CPU
		{BD505D04-BBB4-481E-A27A-D0A8FF9DB58F}.Debug|x64.Build.0 = Debug|Any CPU
		{BD505D04-BBB4-481E-A27A-D0A8FF9DB58F}.Debug|x86.ActiveCfg = Debug|Any CPU
		{BD505D04-BBB4-481E-A27A-D0A8FF9DB58F}.Debug|x86.Build.0 = Debug|Any CPU
		{BD505D04-BBB4-481E-A27A-D0A8FF9DB58F}.Release|Any CPU.ActiveCfg = Release|Any CPU
		{BD505D04-BBB4-481E-A27A-D0A8FF9DB58F}.Release|Any CPU.Build.0 = Release|Any CPU
		{BD505D04-BBB4-481E-A27A-D0A8FF9DB58F}.Release|x64.ActiveCfg = Release|Any CPU
		{BD505D04-BBB4-481E-A27A-D0A8FF9DB58F}.Release|x64.Build.0 = Release|Any CPU
		{BD505D04-BBB4-481E-A27A-D0A8FF9DB58F}.Release|x86.ActiveCfg = Release|Any CPU
		{BD505D04-BBB4-481E-A27A-D0A8FF9DB58F}.Release|x86.Build.0 = Release|Any CPU
		{265369EE-0AE7-4BB5-8496-512A42E49623}.Debug|Any CPU.ActiveCfg = Debug|Any CPU
		{265369EE-0AE7-4BB5-8496-512A42E49623}.Debug|Any CPU.Build.0 = Debug|Any CPU
		{265369EE-0AE7-4BB5-8496-512A42E49623}.Debug|x64.ActiveCfg = Debug|Any CPU
		{265369EE-0AE7-4BB5-8496-512A42E49623}.Debug|x64.Build.0 = Debug|Any CPU
		{265369EE-0AE7-4BB5-8496-512A42E49623}.Debug|x86.ActiveCfg = Debug|Any CPU
		{265369EE-0AE7-4BB5-8496-512A42E49623}.Debug|x86.Build.0 = Debug|Any CPU
		{265369EE-0AE7-4BB5-8496-512A42E49623}.Release|Any CPU.ActiveCfg = Release|Any CPU
		{265369EE-0AE7-4BB5-8496-512A42E49623}.Release|Any CPU.Build.0 = Release|Any CPU
		{265369EE-0AE7-4BB5-8496-512A42E49623}.Release|x64.ActiveCfg = Release|Any CPU
		{265369EE-0AE7-4BB5-8496-512A42E49623}.Release|x64.Build.0 = Release|Any CPU
		{265369EE-0AE7-4BB5-8496-512A42E49623}.Release|x86.ActiveCfg = Release|Any CPU
		{265369EE-0AE7-4BB5-8496-512A42E49623}.Release|x86.Build.0 = Release|Any CPU
		{BC3E7AFC-3C07-4D84-98E4-FB4E537AA221}.Debug|Any CPU.ActiveCfg = Debug|Any CPU
		{BC3E7AFC-3C07-4D84-98E4-FB4E537AA221}.Debug|Any CPU.Build.0 = Debug|Any CPU
		{BC3E7AFC-3C07-4D84-98E4-FB4E537AA221}.Debug|x64.ActiveCfg = Debug|Any CPU
		{BC3E7AFC-3C07-4D84-98E4-FB4E537AA221}.Debug|x64.Build.0 = Debug|Any CPU
		{BC3E7AFC-3C07-4D84-98E4-FB4E537AA221}.Debug|x86.ActiveCfg = Debug|Any CPU
		{BC3E7AFC-3C07-4D84-98E4-FB4E537AA221}.Debug|x86.Build.0 = Debug|Any CPU
		{BC3E7AFC-3C07-4D84-98E4-FB4E537AA221}.Release|Any CPU.ActiveCfg = Release|Any CPU
		{BC3E7AFC-3C07-4D84-98E4-FB4E537AA221}.Release|Any CPU.Build.0 = Release|Any CPU
		{BC3E7AFC-3C07-4D84-98E4-FB4E537AA221}.Release|x64.ActiveCfg = Release|Any CPU
		{BC3E7AFC-3C07-4D84-98E4-FB4E537AA221}.Release|x64.Build.0 = Release|Any CPU
		{BC3E7AFC-3C07-4D84-98E4-FB4E537AA221}.Release|x86.ActiveCfg = Release|Any CPU
		{BC3E7AFC-3C07-4D84-98E4-FB4E537AA221}.Release|x86.Build.0 = Release|Any CPU
		{46FE3E12-12E4-47BA-B9CF-9F9221A87E61}.Debug|Any CPU.ActiveCfg = Debug|Any CPU
		{46FE3E12-12E4-47BA-B9CF-9F9221A87E61}.Debug|Any CPU.Build.0 = Debug|Any CPU
		{46FE3E12-12E4-47BA-B9CF-9F9221A87E61}.Debug|x64.ActiveCfg = Debug|Any CPU
		{46FE3E12-12E4-47BA-B9CF-9F9221A87E61}.Debug|x64.Build.0 = Debug|Any CPU
		{46FE3E12-12E4-47BA-B9CF-9F9221A87E61}.Debug|x86.ActiveCfg = Debug|Any CPU
		{46FE3E12-12E4-47BA-B9CF-9F9221A87E61}.Debug|x86.Build.0 = Debug|Any CPU
		{46FE3E12-12E4-47BA-B9CF-9F9221A87E61}.Release|Any CPU.ActiveCfg = Release|Any CPU
		{46FE3E12-12E4-47BA-B9CF-9F9221A87E61}.Release|Any CPU.Build.0 = Release|Any CPU
		{46FE3E12-12E4-47BA-B9CF-9F9221A87E61}.Release|x64.ActiveCfg = Release|Any CPU
		{46FE3E12-12E4-47BA-B9CF-9F9221A87E61}.Release|x64.Build.0 = Release|Any CPU
		{46FE3E12-12E4-47BA-B9CF-9F9221A87E61}.Release|x86.ActiveCfg = Release|Any CPU
		{46FE3E12-12E4-47BA-B9CF-9F9221A87E61}.Release|x86.Build.0 = Release|Any CPU
		{D1C88ACA-E332-49DD-AB7A-FEB5533F24A1}.Debug|Any CPU.ActiveCfg = Debug|Any CPU
		{D1C88ACA-E332-49DD-AB7A-FEB5533F24A1}.Debug|Any CPU.Build.0 = Debug|Any CPU
		{D1C88ACA-E332-49DD-AB7A-FEB5533F24A1}.Debug|x64.ActiveCfg = Debug|Any CPU
		{D1C88ACA-E332-49DD-AB7A-FEB5533F24A1}.Debug|x64.Build.0 = Debug|Any CPU
		{D1C88ACA-E332-49DD-AB7A-FEB5533F24A1}.Debug|x86.ActiveCfg = Debug|Any CPU
		{D1C88ACA-E332-49DD-AB7A-FEB5533F24A1}.Debug|x86.Build.0 = Debug|Any CPU
		{D1C88ACA-E332-49DD-AB7A-FEB5533F24A1}.Release|Any CPU.ActiveCfg = Release|Any CPU
		{D1C88ACA-E332-49DD-AB7A-FEB5533F24A1}.Release|Any CPU.Build.0 = Release|Any CPU
		{D1C88ACA-E332-49DD-AB7A-FEB5533F24A1}.Release|x64.ActiveCfg = Release|Any CPU
		{D1C88ACA-E332-49DD-AB7A-FEB5533F24A1}.Release|x64.Build.0 = Release|Any CPU
		{D1C88ACA-E332-49DD-AB7A-FEB5533F24A1}.Release|x86.ActiveCfg = Release|Any CPU
		{D1C88ACA-E332-49DD-AB7A-FEB5533F24A1}.Release|x86.Build.0 = Release|Any CPU
		{938C9EBF-8048-467B-ADE7-718620B0F181}.Debug|Any CPU.ActiveCfg = Debug|Any CPU
		{938C9EBF-8048-467B-ADE7-718620B0F181}.Debug|Any CPU.Build.0 = Debug|Any CPU
		{938C9EBF-8048-467B-ADE7-718620B0F181}.Debug|x64.ActiveCfg = Debug|Any CPU
		{938C9EBF-8048-467B-ADE7-718620B0F181}.Debug|x64.Build.0 = Debug|Any CPU
		{938C9EBF-8048-467B-ADE7-718620B0F181}.Debug|x86.ActiveCfg = Debug|Any CPU
		{938C9EBF-8048-467B-ADE7-718620B0F181}.Debug|x86.Build.0 = Debug|Any CPU
		{938C9EBF-8048-467B-ADE7-718620B0F181}.Release|Any CPU.ActiveCfg = Release|Any CPU
		{938C9EBF-8048-467B-ADE7-718620B0F181}.Release|Any CPU.Build.0 = Release|Any CPU
		{938C9EBF-8048-467B-ADE7-718620B0F181}.Release|x64.ActiveCfg = Release|Any CPU
		{938C9EBF-8048-467B-ADE7-718620B0F181}.Release|x64.Build.0 = Release|Any CPU
		{938C9EBF-8048-467B-ADE7-718620B0F181}.Release|x86.ActiveCfg = Release|Any CPU
		{938C9EBF-8048-467B-ADE7-718620B0F181}.Release|x86.Build.0 = Release|Any CPU
		{48341D70-C59A-4265-841D-AFB18C6062AB}.Debug|Any CPU.ActiveCfg = Debug|Any CPU
		{48341D70-C59A-4265-841D-AFB18C6062AB}.Debug|Any CPU.Build.0 = Debug|Any CPU
		{48341D70-C59A-4265-841D-AFB18C6062AB}.Debug|x64.ActiveCfg = Debug|Any CPU
		{48341D70-C59A-4265-841D-AFB18C6062AB}.Debug|x64.Build.0 = Debug|Any CPU
		{48341D70-C59A-4265-841D-AFB18C6062AB}.Debug|x86.ActiveCfg = Debug|Any CPU
		{48341D70-C59A-4265-841D-AFB18C6062AB}.Debug|x86.Build.0 = Debug|Any CPU
		{48341D70-C59A-4265-841D-AFB18C6062AB}.Release|Any CPU.ActiveCfg = Release|Any CPU
		{48341D70-C59A-4265-841D-AFB18C6062AB}.Release|Any CPU.Build.0 = Release|Any CPU
		{48341D70-C59A-4265-841D-AFB18C6062AB}.Release|x64.ActiveCfg = Release|Any CPU
		{48341D70-C59A-4265-841D-AFB18C6062AB}.Release|x64.Build.0 = Release|Any CPU
		{48341D70-C59A-4265-841D-AFB18C6062AB}.Release|x86.ActiveCfg = Release|Any CPU
		{48341D70-C59A-4265-841D-AFB18C6062AB}.Release|x86.Build.0 = Release|Any CPU
		{2DC13AF0-D68D-4524-B114-223712A44DC9}.Debug|Any CPU.ActiveCfg = Debug|Any CPU
		{2DC13AF0-D68D-4524-B114-223712A44DC9}.Debug|Any CPU.Build.0 = Debug|Any CPU
		{2DC13AF0-D68D-4524-B114-223712A44DC9}.Debug|x64.ActiveCfg = Debug|Any CPU
		{2DC13AF0-D68D-4524-B114-223712A44DC9}.Debug|x64.Build.0 = Debug|Any CPU
		{2DC13AF0-D68D-4524-B114-223712A44DC9}.Debug|x86.ActiveCfg = Debug|Any CPU
		{2DC13AF0-D68D-4524-B114-223712A44DC9}.Debug|x86.Build.0 = Debug|Any CPU
		{2DC13AF0-D68D-4524-B114-223712A44DC9}.Release|Any CPU.ActiveCfg = Release|Any CPU
		{2DC13AF0-D68D-4524-B114-223712A44DC9}.Release|Any CPU.Build.0 = Release|Any CPU
		{2DC13AF0-D68D-4524-B114-223712A44DC9}.Release|x64.ActiveCfg = Release|Any CPU
		{2DC13AF0-D68D-4524-B114-223712A44DC9}.Release|x64.Build.0 = Release|Any CPU
		{2DC13AF0-D68D-4524-B114-223712A44DC9}.Release|x86.ActiveCfg = Release|Any CPU
		{2DC13AF0-D68D-4524-B114-223712A44DC9}.Release|x86.Build.0 = Release|Any CPU
		{B59FB4F2-A0B1-4D91-9DEA-1B0F525C1F07}.Debug|Any CPU.ActiveCfg = Debug|Any CPU
		{B59FB4F2-A0B1-4D91-9DEA-1B0F525C1F07}.Debug|Any CPU.Build.0 = Debug|Any CPU
		{B59FB4F2-A0B1-4D91-9DEA-1B0F525C1F07}.Debug|x64.ActiveCfg = Debug|Any CPU
		{B59FB4F2-A0B1-4D91-9DEA-1B0F525C1F07}.Debug|x64.Build.0 = Debug|Any CPU
		{B59FB4F2-A0B1-4D91-9DEA-1B0F525C1F07}.Debug|x86.ActiveCfg = Debug|Any CPU
		{B59FB4F2-A0B1-4D91-9DEA-1B0F525C1F07}.Debug|x86.Build.0 = Debug|Any CPU
		{B59FB4F2-A0B1-4D91-9DEA-1B0F525C1F07}.Release|Any CPU.ActiveCfg = Release|Any CPU
		{B59FB4F2-A0B1-4D91-9DEA-1B0F525C1F07}.Release|Any CPU.Build.0 = Release|Any CPU
		{B59FB4F2-A0B1-4D91-9DEA-1B0F525C1F07}.Release|x64.ActiveCfg = Release|Any CPU
		{B59FB4F2-A0B1-4D91-9DEA-1B0F525C1F07}.Release|x64.Build.0 = Release|Any CPU
		{B59FB4F2-A0B1-4D91-9DEA-1B0F525C1F07}.Release|x86.ActiveCfg = Release|Any CPU
		{B59FB4F2-A0B1-4D91-9DEA-1B0F525C1F07}.Release|x86.Build.0 = Release|Any CPU
		{E254CD23-E9A6-4678-9BA5-923B325B9F29}.Debug|Any CPU.ActiveCfg = Debug|Any CPU
		{E254CD23-E9A6-4678-9BA5-923B325B9F29}.Debug|Any CPU.Build.0 = Debug|Any CPU
		{E254CD23-E9A6-4678-9BA5-923B325B9F29}.Debug|x64.ActiveCfg = Debug|Any CPU
		{E254CD23-E9A6-4678-9BA5-923B325B9F29}.Debug|x64.Build.0 = Debug|Any CPU
		{E254CD23-E9A6-4678-9BA5-923B325B9F29}.Debug|x86.ActiveCfg = Debug|Any CPU
		{E254CD23-E9A6-4678-9BA5-923B325B9F29}.Debug|x86.Build.0 = Debug|Any CPU
		{E254CD23-E9A6-4678-9BA5-923B325B9F29}.Release|Any CPU.ActiveCfg = Release|Any CPU
		{E254CD23-E9A6-4678-9BA5-923B325B9F29}.Release|Any CPU.Build.0 = Release|Any CPU
		{E254CD23-E9A6-4678-9BA5-923B325B9F29}.Release|x64.ActiveCfg = Release|Any CPU
		{E254CD23-E9A6-4678-9BA5-923B325B9F29}.Release|x64.Build.0 = Release|Any CPU
		{E254CD23-E9A6-4678-9BA5-923B325B9F29}.Release|x86.ActiveCfg = Release|Any CPU
		{E254CD23-E9A6-4678-9BA5-923B325B9F29}.Release|x86.Build.0 = Release|Any CPU
		{035765E0-8ED6-4AD6-8F10-D7842630FAF0}.Debug|Any CPU.ActiveCfg = Debug|Any CPU
		{035765E0-8ED6-4AD6-8F10-D7842630FAF0}.Debug|Any CPU.Build.0 = Debug|Any CPU
		{035765E0-8ED6-4AD6-8F10-D7842630FAF0}.Debug|x64.ActiveCfg = Debug|Any CPU
		{035765E0-8ED6-4AD6-8F10-D7842630FAF0}.Debug|x64.Build.0 = Debug|Any CPU
		{035765E0-8ED6-4AD6-8F10-D7842630FAF0}.Debug|x86.ActiveCfg = Debug|Any CPU
		{035765E0-8ED6-4AD6-8F10-D7842630FAF0}.Debug|x86.Build.0 = Debug|Any CPU
		{035765E0-8ED6-4AD6-8F10-D7842630FAF0}.Release|Any CPU.ActiveCfg = Release|Any CPU
		{035765E0-8ED6-4AD6-8F10-D7842630FAF0}.Release|Any CPU.Build.0 = Release|Any CPU
		{035765E0-8ED6-4AD6-8F10-D7842630FAF0}.Release|x64.ActiveCfg = Release|Any CPU
		{035765E0-8ED6-4AD6-8F10-D7842630FAF0}.Release|x64.Build.0 = Release|Any CPU
		{035765E0-8ED6-4AD6-8F10-D7842630FAF0}.Release|x86.ActiveCfg = Release|Any CPU
		{035765E0-8ED6-4AD6-8F10-D7842630FAF0}.Release|x86.Build.0 = Release|Any CPU
		{EFF295D1-CF43-4A68-8F0A-0428DED2EDAF}.Debug|Any CPU.ActiveCfg = Debug|Any CPU
		{EFF295D1-CF43-4A68-8F0A-0428DED2EDAF}.Debug|Any CPU.Build.0 = Debug|Any CPU
		{EFF295D1-CF43-4A68-8F0A-0428DED2EDAF}.Debug|x64.ActiveCfg = Debug|Any CPU
		{EFF295D1-CF43-4A68-8F0A-0428DED2EDAF}.Debug|x64.Build.0 = Debug|Any CPU
		{EFF295D1-CF43-4A68-8F0A-0428DED2EDAF}.Debug|x86.ActiveCfg = Debug|Any CPU
		{EFF295D1-CF43-4A68-8F0A-0428DED2EDAF}.Debug|x86.Build.0 = Debug|Any CPU
		{EFF295D1-CF43-4A68-8F0A-0428DED2EDAF}.Release|Any CPU.ActiveCfg = Release|Any CPU
		{EFF295D1-CF43-4A68-8F0A-0428DED2EDAF}.Release|Any CPU.Build.0 = Release|Any CPU
		{EFF295D1-CF43-4A68-8F0A-0428DED2EDAF}.Release|x64.ActiveCfg = Release|Any CPU
		{EFF295D1-CF43-4A68-8F0A-0428DED2EDAF}.Release|x64.Build.0 = Release|Any CPU
		{EFF295D1-CF43-4A68-8F0A-0428DED2EDAF}.Release|x86.ActiveCfg = Release|Any CPU
		{EFF295D1-CF43-4A68-8F0A-0428DED2EDAF}.Release|x86.Build.0 = Release|Any CPU
		{CA07A2A2-5608-4EB3-86B2-0CFAD6140860}.Debug|Any CPU.ActiveCfg = Debug|Any CPU
		{CA07A2A2-5608-4EB3-86B2-0CFAD6140860}.Debug|Any CPU.Build.0 = Debug|Any CPU
		{CA07A2A2-5608-4EB3-86B2-0CFAD6140860}.Debug|x64.ActiveCfg = Debug|Any CPU
		{CA07A2A2-5608-4EB3-86B2-0CFAD6140860}.Debug|x64.Build.0 = Debug|Any CPU
		{CA07A2A2-5608-4EB3-86B2-0CFAD6140860}.Debug|x86.ActiveCfg = Debug|Any CPU
		{CA07A2A2-5608-4EB3-86B2-0CFAD6140860}.Debug|x86.Build.0 = Debug|Any CPU
		{CA07A2A2-5608-4EB3-86B2-0CFAD6140860}.Release|Any CPU.ActiveCfg = Release|Any CPU
		{CA07A2A2-5608-4EB3-86B2-0CFAD6140860}.Release|Any CPU.Build.0 = Release|Any CPU
		{CA07A2A2-5608-4EB3-86B2-0CFAD6140860}.Release|x64.ActiveCfg = Release|Any CPU
		{CA07A2A2-5608-4EB3-86B2-0CFAD6140860}.Release|x64.Build.0 = Release|Any CPU
		{CA07A2A2-5608-4EB3-86B2-0CFAD6140860}.Release|x86.ActiveCfg = Release|Any CPU
		{CA07A2A2-5608-4EB3-86B2-0CFAD6140860}.Release|x86.Build.0 = Release|Any CPU
		{87EFD43E-4BFB-45D5-BF89-5C553DBCF54C}.Debug|Any CPU.ActiveCfg = Debug|Any CPU
		{87EFD43E-4BFB-45D5-BF89-5C553DBCF54C}.Debug|Any CPU.Build.0 = Debug|Any CPU
		{87EFD43E-4BFB-45D5-BF89-5C553DBCF54C}.Debug|x64.ActiveCfg = Debug|Any CPU
		{87EFD43E-4BFB-45D5-BF89-5C553DBCF54C}.Debug|x64.Build.0 = Debug|Any CPU
		{87EFD43E-4BFB-45D5-BF89-5C553DBCF54C}.Debug|x86.ActiveCfg = Debug|Any CPU
		{87EFD43E-4BFB-45D5-BF89-5C553DBCF54C}.Debug|x86.Build.0 = Debug|Any CPU
		{87EFD43E-4BFB-45D5-BF89-5C553DBCF54C}.Release|Any CPU.ActiveCfg = Release|Any CPU
		{87EFD43E-4BFB-45D5-BF89-5C553DBCF54C}.Release|Any CPU.Build.0 = Release|Any CPU
		{87EFD43E-4BFB-45D5-BF89-5C553DBCF54C}.Release|x64.ActiveCfg = Release|Any CPU
		{87EFD43E-4BFB-45D5-BF89-5C553DBCF54C}.Release|x64.Build.0 = Release|Any CPU
		{87EFD43E-4BFB-45D5-BF89-5C553DBCF54C}.Release|x86.ActiveCfg = Release|Any CPU
		{87EFD43E-4BFB-45D5-BF89-5C553DBCF54C}.Release|x86.Build.0 = Release|Any CPU
		{9E031E50-038D-46BF-AA11-9808812484BB}.Debug|Any CPU.ActiveCfg = Debug|Any CPU
		{9E031E50-038D-46BF-AA11-9808812484BB}.Debug|Any CPU.Build.0 = Debug|Any CPU
		{9E031E50-038D-46BF-AA11-9808812484BB}.Debug|x64.ActiveCfg = Debug|Any CPU
		{9E031E50-038D-46BF-AA11-9808812484BB}.Debug|x64.Build.0 = Debug|Any CPU
		{9E031E50-038D-46BF-AA11-9808812484BB}.Debug|x86.ActiveCfg = Debug|Any CPU
		{9E031E50-038D-46BF-AA11-9808812484BB}.Debug|x86.Build.0 = Debug|Any CPU
		{9E031E50-038D-46BF-AA11-9808812484BB}.Release|Any CPU.ActiveCfg = Release|Any CPU
		{9E031E50-038D-46BF-AA11-9808812484BB}.Release|Any CPU.Build.0 = Release|Any CPU
		{9E031E50-038D-46BF-AA11-9808812484BB}.Release|x64.ActiveCfg = Release|Any CPU
		{9E031E50-038D-46BF-AA11-9808812484BB}.Release|x64.Build.0 = Release|Any CPU
		{9E031E50-038D-46BF-AA11-9808812484BB}.Release|x86.ActiveCfg = Release|Any CPU
		{9E031E50-038D-46BF-AA11-9808812484BB}.Release|x86.Build.0 = Release|Any CPU
		{F3698DF8-536F-4155-A238-95C94986083B}.Debug|Any CPU.ActiveCfg = Debug|Any CPU
		{F3698DF8-536F-4155-A238-95C94986083B}.Debug|Any CPU.Build.0 = Debug|Any CPU
		{F3698DF8-536F-4155-A238-95C94986083B}.Debug|x64.ActiveCfg = Debug|Any CPU
		{F3698DF8-536F-4155-A238-95C94986083B}.Debug|x64.Build.0 = Debug|Any CPU
		{F3698DF8-536F-4155-A238-95C94986083B}.Debug|x86.ActiveCfg = Debug|Any CPU
		{F3698DF8-536F-4155-A238-95C94986083B}.Debug|x86.Build.0 = Debug|Any CPU
		{F3698DF8-536F-4155-A238-95C94986083B}.Release|Any CPU.ActiveCfg = Release|Any CPU
		{F3698DF8-536F-4155-A238-95C94986083B}.Release|Any CPU.Build.0 = Release|Any CPU
		{F3698DF8-536F-4155-A238-95C94986083B}.Release|x64.ActiveCfg = Release|Any CPU
		{F3698DF8-536F-4155-A238-95C94986083B}.Release|x64.Build.0 = Release|Any CPU
		{F3698DF8-536F-4155-A238-95C94986083B}.Release|x86.ActiveCfg = Release|Any CPU
		{F3698DF8-536F-4155-A238-95C94986083B}.Release|x86.Build.0 = Release|Any CPU
		{9162E7C9-CC6A-48DD-ABE3-155E7E902141}.Debug|Any CPU.ActiveCfg = Debug|Any CPU
		{9162E7C9-CC6A-48DD-ABE3-155E7E902141}.Debug|Any CPU.Build.0 = Debug|Any CPU
		{9162E7C9-CC6A-48DD-ABE3-155E7E902141}.Debug|x64.ActiveCfg = Debug|Any CPU
		{9162E7C9-CC6A-48DD-ABE3-155E7E902141}.Debug|x64.Build.0 = Debug|Any CPU
		{9162E7C9-CC6A-48DD-ABE3-155E7E902141}.Debug|x86.ActiveCfg = Debug|Any CPU
		{9162E7C9-CC6A-48DD-ABE3-155E7E902141}.Debug|x86.Build.0 = Debug|Any CPU
		{9162E7C9-CC6A-48DD-ABE3-155E7E902141}.Release|Any CPU.ActiveCfg = Release|Any CPU
		{9162E7C9-CC6A-48DD-ABE3-155E7E902141}.Release|Any CPU.Build.0 = Release|Any CPU
		{9162E7C9-CC6A-48DD-ABE3-155E7E902141}.Release|x64.ActiveCfg = Release|Any CPU
		{9162E7C9-CC6A-48DD-ABE3-155E7E902141}.Release|x64.Build.0 = Release|Any CPU
		{9162E7C9-CC6A-48DD-ABE3-155E7E902141}.Release|x86.ActiveCfg = Release|Any CPU
		{9162E7C9-CC6A-48DD-ABE3-155E7E902141}.Release|x86.Build.0 = Release|Any CPU
		{30786D7D-518D-4D23-81A7-3E5AA92EEEB7}.Debug|Any CPU.ActiveCfg = Debug|Any CPU
		{30786D7D-518D-4D23-81A7-3E5AA92EEEB7}.Debug|Any CPU.Build.0 = Debug|Any CPU
		{30786D7D-518D-4D23-81A7-3E5AA92EEEB7}.Debug|x64.ActiveCfg = Debug|Any CPU
		{30786D7D-518D-4D23-81A7-3E5AA92EEEB7}.Debug|x64.Build.0 = Debug|Any CPU
		{30786D7D-518D-4D23-81A7-3E5AA92EEEB7}.Debug|x86.ActiveCfg = Debug|Any CPU
		{30786D7D-518D-4D23-81A7-3E5AA92EEEB7}.Debug|x86.Build.0 = Debug|Any CPU
		{30786D7D-518D-4D23-81A7-3E5AA92EEEB7}.Release|Any CPU.ActiveCfg = Release|Any CPU
		{30786D7D-518D-4D23-81A7-3E5AA92EEEB7}.Release|Any CPU.Build.0 = Release|Any CPU
		{30786D7D-518D-4D23-81A7-3E5AA92EEEB7}.Release|x64.ActiveCfg = Release|Any CPU
		{30786D7D-518D-4D23-81A7-3E5AA92EEEB7}.Release|x64.Build.0 = Release|Any CPU
		{30786D7D-518D-4D23-81A7-3E5AA92EEEB7}.Release|x86.ActiveCfg = Release|Any CPU
		{30786D7D-518D-4D23-81A7-3E5AA92EEEB7}.Release|x86.Build.0 = Release|Any CPU
		{4499DCA6-27E0-4274-BED5-EB14AD88EC71}.Debug|Any CPU.ActiveCfg = Debug|Any CPU
		{4499DCA6-27E0-4274-BED5-EB14AD88EC71}.Debug|Any CPU.Build.0 = Debug|Any CPU
		{4499DCA6-27E0-4274-BED5-EB14AD88EC71}.Debug|x64.ActiveCfg = Debug|Any CPU
		{4499DCA6-27E0-4274-BED5-EB14AD88EC71}.Debug|x64.Build.0 = Debug|Any CPU
		{4499DCA6-27E0-4274-BED5-EB14AD88EC71}.Debug|x86.ActiveCfg = Debug|Any CPU
		{4499DCA6-27E0-4274-BED5-EB14AD88EC71}.Debug|x86.Build.0 = Debug|Any CPU
		{4499DCA6-27E0-4274-BED5-EB14AD88EC71}.Release|Any CPU.ActiveCfg = Release|Any CPU
		{4499DCA6-27E0-4274-BED5-EB14AD88EC71}.Release|Any CPU.Build.0 = Release|Any CPU
		{4499DCA6-27E0-4274-BED5-EB14AD88EC71}.Release|x64.ActiveCfg = Release|Any CPU
		{4499DCA6-27E0-4274-BED5-EB14AD88EC71}.Release|x64.Build.0 = Release|Any CPU
		{4499DCA6-27E0-4274-BED5-EB14AD88EC71}.Release|x86.ActiveCfg = Release|Any CPU
		{4499DCA6-27E0-4274-BED5-EB14AD88EC71}.Release|x86.Build.0 = Release|Any CPU
		{0239F321-A927-4185-AA79-7CB5A453941B}.Debug|Any CPU.ActiveCfg = Debug|Any CPU
		{0239F321-A927-4185-AA79-7CB5A453941B}.Debug|Any CPU.Build.0 = Debug|Any CPU
		{0239F321-A927-4185-AA79-7CB5A453941B}.Debug|x64.ActiveCfg = Debug|Any CPU
		{0239F321-A927-4185-AA79-7CB5A453941B}.Debug|x64.Build.0 = Debug|Any CPU
		{0239F321-A927-4185-AA79-7CB5A453941B}.Debug|x86.ActiveCfg = Debug|Any CPU
		{0239F321-A927-4185-AA79-7CB5A453941B}.Debug|x86.Build.0 = Debug|Any CPU
		{0239F321-A927-4185-AA79-7CB5A453941B}.Release|Any CPU.ActiveCfg = Release|Any CPU
		{0239F321-A927-4185-AA79-7CB5A453941B}.Release|Any CPU.Build.0 = Release|Any CPU
		{0239F321-A927-4185-AA79-7CB5A453941B}.Release|x64.ActiveCfg = Release|Any CPU
		{0239F321-A927-4185-AA79-7CB5A453941B}.Release|x64.Build.0 = Release|Any CPU
		{0239F321-A927-4185-AA79-7CB5A453941B}.Release|x86.ActiveCfg = Release|Any CPU
		{0239F321-A927-4185-AA79-7CB5A453941B}.Release|x86.Build.0 = Release|Any CPU
		{1D41EE52-ABB6-41CD-B21C-72CCAED6FF21}.Debug|Any CPU.ActiveCfg = Debug|Any CPU
		{1D41EE52-ABB6-41CD-B21C-72CCAED6FF21}.Debug|Any CPU.Build.0 = Debug|Any CPU
		{1D41EE52-ABB6-41CD-B21C-72CCAED6FF21}.Debug|x64.ActiveCfg = Debug|Any CPU
		{1D41EE52-ABB6-41CD-B21C-72CCAED6FF21}.Debug|x64.Build.0 = Debug|Any CPU
		{1D41EE52-ABB6-41CD-B21C-72CCAED6FF21}.Debug|x86.ActiveCfg = Debug|Any CPU
		{1D41EE52-ABB6-41CD-B21C-72CCAED6FF21}.Debug|x86.Build.0 = Debug|Any CPU
		{1D41EE52-ABB6-41CD-B21C-72CCAED6FF21}.Release|Any CPU.ActiveCfg = Release|Any CPU
		{1D41EE52-ABB6-41CD-B21C-72CCAED6FF21}.Release|Any CPU.Build.0 = Release|Any CPU
		{1D41EE52-ABB6-41CD-B21C-72CCAED6FF21}.Release|x64.ActiveCfg = Release|Any CPU
		{1D41EE52-ABB6-41CD-B21C-72CCAED6FF21}.Release|x64.Build.0 = Release|Any CPU
		{1D41EE52-ABB6-41CD-B21C-72CCAED6FF21}.Release|x86.ActiveCfg = Release|Any CPU
		{1D41EE52-ABB6-41CD-B21C-72CCAED6FF21}.Release|x86.Build.0 = Release|Any CPU
	EndGlobalSection
EndGlobal
